
Microsoft Visual Studio Solution File, Format Version 12.00
# Visual Studio 2013
VisualStudioVersion = 12.0.31101.0
MinimumVisualStudioVersion = 10.0.40219.1
Project("{2150E333-8FDC-42A3-9474-1A3956D46DE8}") = "Client", "Client", "{66B75FC0-45FC-4E6C-99A5-D9E55A77C39F}"
EndProject
Project("{2150E333-8FDC-42A3-9474-1A3956D46DE8}") = "Service", "Service", "{85E8F672-D90E-4BC9-8A8C-C53B3FDA14AF}"
EndProject
Project("{2150E333-8FDC-42A3-9474-1A3956D46DE8}") = "DAL", "DAL", "{1034ADAB-5024-4C92-9909-52FA1A50E3A1}"
EndProject
Project("{2150E333-8FDC-42A3-9474-1A3956D46DE8}") = "EntityFramework", "EntityFramework", "{1C74B3B5-3500-4FE8-AA79-45F8FAB004F7}"
EndProject
Project("{2150E333-8FDC-42A3-9474-1A3956D46DE8}") = "ADONET", "ADONET", "{8F61C352-FC87-4516-80F4-A1CACE22BAD5}"
EndProject
Project("{2150E333-8FDC-42A3-9474-1A3956D46DE8}") = "WindowsConsole", "WindowsConsole", "{23F4C063-76D3-4CAF-9659-B9C08E07F3CA}"
EndProject
Project("{2150E333-8FDC-42A3-9474-1A3956D46DE8}") = "WindowsForm", "WindowsForm", "{D22D6599-2769-4991-ACE7-895E4B7DD562}"
EndProject
Project("{2150E333-8FDC-42A3-9474-1A3956D46DE8}") = "WebForm", "WebForm", "{F633C7BA-AA78-4127-9E5F-4CD1EACAC2A4}"
EndProject
Project("{2150E333-8FDC-42A3-9474-1A3956D46DE8}") = "DatabaseFirst", "DatabaseFirst", "{4EAB1D0B-5DC5-4F95-AA7E-3420ABE13B51}"
EndProject
Project("{FAE04EC0-301F-11D3-BF4B-00C04F79EFBC}") = "DatabaseFirstStudy", "DatabaseFirstStudy\DatabaseFirstStudy.csproj", "{15D60105-7868-4AC1-B6D4-8FF906B00A00}"
EndProject
Project("{FAE04EC0-301F-11D3-BF4B-00C04F79EFBC}") = "WcfServiceStudy", "WcfServiceStudy\WcfServiceStudy.csproj", "{4DA50403-DAE2-4FDE-B539-7B9BA12A24DD}"
EndProject
Project("{FAE04EC0-301F-11D3-BF4B-00C04F79EFBC}") = "ClientConsoleAppStudy", "ClientConsoleAppStudy\ClientConsoleAppStudy.csproj", "{C22C93C4-DAA6-4B21-AEEB-663DF4CBEE62}"
	ProjectSection(ProjectDependencies) = postProject
		{4DA50403-DAE2-4FDE-B539-7B9BA12A24DD} = {4DA50403-DAE2-4FDE-B539-7B9BA12A24DD}
	EndProjectSection
EndProject
Project("{FAE04EC0-301F-11D3-BF4B-00C04F79EFBC}") = "ADOStudy", "ADOStudy\ADOStudy.csproj", "{12E27A22-9894-4359-9C6D-DCEEA331BA47}"
EndProject
Project("{FAE04EC0-301F-11D3-BF4B-00C04F79EFBC}") = "UnitTestStudy", "UnitTestStudy\UnitTestStudy.csproj", "{E33321EA-882B-4B66-9ED9-BE1638D48EB0}"
EndProject
Global
	GlobalSection(SolutionConfigurationPlatforms) = preSolution
		Debug|Any CPU = Debug|Any CPU
		Release|Any CPU = Release|Any CPU
	EndGlobalSection
	GlobalSection(ProjectConfigurationPlatforms) = postSolution
		{15D60105-7868-4AC1-B6D4-8FF906B00A00}.Debug|Any CPU.ActiveCfg = Debug|Any CPU
		{15D60105-7868-4AC1-B6D4-8FF906B00A00}.Debug|Any CPU.Build.0 = Debug|Any CPU
		{15D60105-7868-4AC1-B6D4-8FF906B00A00}.Release|Any CPU.ActiveCfg = Release|Any CPU
		{15D60105-7868-4AC1-B6D4-8FF906B00A00}.Release|Any CPU.Build.0 = Release|Any CPU
		{4DA50403-DAE2-4FDE-B539-7B9BA12A24DD}.Debug|Any CPU.ActiveCfg = Debug|Any CPU
		{4DA50403-DAE2-4FDE-B539-7B9BA12A24DD}.Debug|Any CPU.Build.0 = Debug|Any CPU
		{4DA50403-DAE2-4FDE-B539-7B9BA12A24DD}.Release|Any CPU.ActiveCfg = Release|Any CPU
		{4DA50403-DAE2-4FDE-B539-7B9BA12A24DD}.Release|Any CPU.Build.0 = Release|Any CPU
		{C22C93C4-DAA6-4B21-AEEB-663DF4CBEE62}.Debug|Any CPU.ActiveCfg = Debug|Any CPU
		{C22C93C4-DAA6-4B21-AEEB-663DF4CBEE62}.Debug|Any CPU.Build.0 = Debug|Any CPU
		{C22C93C4-DAA6-4B21-AEEB-663DF4CBEE62}.Release|Any CPU.ActiveCfg = Release|Any CPU
		{C22C93C4-DAA6-4B21-AEEB-663DF4CBEE62}.Release|Any CPU.Build.0 = Release|Any CPU
		{12E27A22-9894-4359-9C6D-DCEEA331BA47}.Debug|Any CPU.ActiveCfg = Debug|Any CPU
		{12E27A22-9894-4359-9C6D-DCEEA331BA47}.Debug|Any CPU.Build.0 = Debug|Any CPU
		{12E27A22-9894-4359-9C6D-DCEEA331BA47}.Release|Any CPU.ActiveCfg = Release|Any CPU
		{12E27A22-9894-4359-9C6D-DCEEA331BA47}.Release|Any CPU.Build.0 = Release|Any CPU
		{E33321EA-882B-4B66-9ED9-BE1638D48EB0}.Debug|Any CPU.ActiveCfg = Debug|Any CPU
		{E33321EA-882B-4B66-9ED9-BE1638D48EB0}.Debug|Any CPU.Build.0 = Debug|Any CPU
		{E33321EA-882B-4B66-9ED9-BE1638D48EB0}.Release|Any CPU.ActiveCfg = Release|Any CPU
		{E33321EA-882B-4B66-9ED9-BE1638D48EB0}.Release|Any CPU.Build.0 = Release|Any CPU
	EndGlobalSection
	GlobalSection(SolutionProperties) = preSolution
		HideSolutionNode = FALSE
	EndGlobalSection
	GlobalSection(NestedProjects) = preSolution
		{1C74B3B5-3500-4FE8-AA79-45F8FAB004F7} = {1034ADAB-5024-4C92-9909-52FA1A50E3A1}
		{8F61C352-FC87-4516-80F4-A1CACE22BAD5} = {1034ADAB-5024-4C92-9909-52FA1A50E3A1}
		{23F4C063-76D3-4CAF-9659-B9C08E07F3CA} = {66B75FC0-45FC-4E6C-99A5-D9E55A77C39F}
		{D22D6599-2769-4991-ACE7-895E4B7DD562} = {66B75FC0-45FC-4E6C-99A5-D9E55A77C39F}
		{F633C7BA-AA78-4127-9E5F-4CD1EACAC2A4} = {66B75FC0-45FC-4E6C-99A5-D9E55A77C39F}
		{4EAB1D0B-5DC5-4F95-AA7E-3420ABE13B51} = {1C74B3B5-3500-4FE8-AA79-45F8FAB004F7}
		{15D60105-7868-4AC1-B6D4-8FF906B00A00} = {4EAB1D0B-5DC5-4F95-AA7E-3420ABE13B51}
		{4DA50403-DAE2-4FDE-B539-7B9BA12A24DD} = {85E8F672-D90E-4BC9-8A8C-C53B3FDA14AF}
		{C22C93C4-DAA6-4B21-AEEB-663DF4CBEE62} = {23F4C063-76D3-4CAF-9659-B9C08E07F3CA}
		{12E27A22-9894-4359-9C6D-DCEEA331BA47} = {8F61C352-FC87-4516-80F4-A1CACE22BAD5}
		{E33321EA-882B-4B66-9ED9-BE1638D48EB0} = {8F61C352-FC87-4516-80F4-A1CACE22BAD5}
	EndGlobalSection
EndGlobal
